<?xml version="1.0" encoding="utf-8"?>
<Project ToolsVersion="4.0" xmlns="http://schemas.microsoft.com/developer/msbuild/2003">
  <ItemGroup>
    <Filter Include="Common">
      <UniqueIdentifier>{06943f51-b7e0-4240-b785-11e229075e84}</UniqueIdentifier>
    </Filter>
    <Filter Include="Shader">
      <UniqueIdentifier>{ee7a7200-be74-4944-8e48-087b1d19fc07}</UniqueIdentifier>
    </Filter>
  </ItemGroup>
  <ItemGroup>
    <ClCompile Include="App.cpp" />
    <ClCompile Include="main.cpp" />
    <ClCompile Include="Shader.cpp" />
    <ClCompile Include="DeferredRenderer.cpp" />
    <ClCompile Include="Importer.cpp" />
    <ClCompile Include="ModelData.cpp" />
    <ClCompile Include="QuadRenderer.cpp" />
    <ClCompile Include="PostProcessing.cpp" />
  </ItemGroup>
  <ItemGroup>
    <ClInclude Include="Common\ShaderStructures.h">
      <Filter>Common</Filter>
    </ClInclude>
    <ClInclude Include="App.h" />
    <ClInclude Include="AppTime.h" />
    <ClInclude Include="pch.h" />
    <ClInclude Include="Shader.h" />
    <ClInclude Include="DeferredRenderer.h" />
    <ClInclude Include="AmbientLight.h" />
    <ClInclude Include="ModelData.h" />
    <ClInclude Include="Importer.h" />
    <ClInclude Include="QuadRenderer.h" />
    <ClInclude Include="PointLight.h" />
    <ClInclude Include="ILight.h" />
    <ClInclude Include="PostProcessing.h" />
    <ClInclude Include="GammaPostProcessing.h" />
  </ItemGroup>
  <ItemGroup>
    <None Include="Shader\simple.fs.glsl">
      <Filter>Shader</Filter>
    </None>
    <None Include="Shader\simple.vs.glsl">
      <Filter>Shader</Filter>
    </None>
    <None Include="Shader\deferredGeometry.vs.glsl">
      <Filter>Shader</Filter>
    </None>
    <None Include="Shader\deferredGeometry.fs.glsl">
      <Filter>Shader</Filter>
    </None>
    <None Include="Shader\passthrough.vs.glsl">
      <Filter>Shader</Filter>
    </None>
    <None Include="Shader\ambientLight.fs.glsl">
      <Filter>Shader</Filter>
    </None>
    <None Include="Shader\pointLight.fs.glsl">
      <Filter>Shader</Filter>
    </None>
    <None Include="Shader\postGamma.fs.glsl">
      <Filter>Shader</Filter>
    </None>
  </ItemGroup>
</Project>