<?xml version="1.0" encoding="utf-8"?>
<Project ToolsVersion="4.0" xmlns="http://schemas.microsoft.com/developer/msbuild/2003">
  <ItemGroup>
    <Filter Include="Common">
      <UniqueIdentifier>{06943f51-b7e0-4240-b785-11e229075e84}</UniqueIdentifier>
    </Filter>
    <Filter Include="Shader">
      <UniqueIdentifier>{ee7a7200-be74-4944-8e48-087b1d19fc07}</UniqueIdentifier>
    </Filter>
    <Filter Include="ECS">
      <UniqueIdentifier>{dab3a058-4410-4f09-89a0-dc55c4010a09}</UniqueIdentifier>
    </Filter>
    <Filter Include="pch">
      <UniqueIdentifier>{435b272e-d992-4797-8966-32795ac8c1e8}</UniqueIdentifier>
    </Filter>
    <Filter Include="ECS\Systems">
      <UniqueIdentifier>{767aecaf-7c59-4845-9b11-a51b8b1f4413}</UniqueIdentifier>
    </Filter>
    <Filter Include="ECS\Components">
      <UniqueIdentifier>{40882f43-a240-4c73-967d-26860be96639}</UniqueIdentifier>
    </Filter>
    <Filter Include="Lights">
      <UniqueIdentifier>{b87ba20e-0f7a-421e-95f4-c67537538f1c}</UniqueIdentifier>
    </Filter>
    <Filter Include="PostProcessing">
      <UniqueIdentifier>{b7459b33-2e60-419e-963a-4720ae5836e0}</UniqueIdentifier>
    </Filter>
    <Filter Include="Scripts">
      <UniqueIdentifier>{d47fe1b6-bfee-41b2-b916-435794e6e26e}</UniqueIdentifier>
    </Filter>
  </ItemGroup>
  <ItemGroup>
    <ClCompile Include="App.cpp" />
    <ClCompile Include="main.cpp" />
    <ClCompile Include="Shader.cpp" />
    <ClCompile Include="DeferredRenderer.cpp" />
    <ClCompile Include="Importer.cpp" />
    <ClCompile Include="ModelData.cpp" />
    <ClCompile Include="QuadRenderer.cpp" />
    <ClCompile Include="ECS\World.cpp">
      <Filter>ECS</Filter>
    </ClCompile>
    <ClCompile Include="pch\pch.cpp">
      <Filter>pch</Filter>
    </ClCompile>
    <ClCompile Include="ECS\Entity.cpp">
      <Filter>ECS</Filter>
    </ClCompile>
    <ClCompile Include="ECS\Component.cpp">
      <Filter>ECS</Filter>
    </ClCompile>
    <ClCompile Include="ECS\System.cpp">
      <Filter>ECS</Filter>
    </ClCompile>
    <ClCompile Include="ECS\Systems\RenderSystem.cpp">
      <Filter>ECS\Systems</Filter>
    </ClCompile>
    <ClCompile Include="PostProcessing\PostProcessing.cpp">
      <Filter>PostProcessing</Filter>
    </ClCompile>
    <ClCompile Include="ECS\Systems\ScriptSystem.cpp">
      <Filter>ECS\Systems</Filter>
    </ClCompile>
  </ItemGroup>
  <ItemGroup>
    <ClInclude Include="Common\ShaderStructures.h">
      <Filter>Common</Filter>
    </ClInclude>
    <ClInclude Include="App.h" />
    <ClInclude Include="AppTime.h" />
    <ClInclude Include="Shader.h" />
    <ClInclude Include="DeferredRenderer.h" />
    <ClInclude Include="ModelData.h" />
    <ClInclude Include="Importer.h" />
    <ClInclude Include="QuadRenderer.h" />
    <ClInclude Include="ECS\World.h">
      <Filter>ECS</Filter>
    </ClInclude>
    <ClInclude Include="pch\pch.h">
      <Filter>pch</Filter>
    </ClInclude>
    <ClInclude Include="ECS\Component.h">
      <Filter>ECS</Filter>
    </ClInclude>
    <ClInclude Include="ECS\Entity.h">
      <Filter>ECS</Filter>
    </ClInclude>
    <ClInclude Include="ECS\System.h">
      <Filter>ECS</Filter>
    </ClInclude>
    <ClInclude Include="ECS\Systems\RenderSystem.h">
      <Filter>ECS\Systems</Filter>
    </ClInclude>
    <ClInclude Include="ECS\Components\TransformComponent.h">
      <Filter>ECS\Components</Filter>
    </ClInclude>
    <ClInclude Include="ECS\Components\ModelComponents.h">
      <Filter>ECS\Components</Filter>
    </ClInclude>
    <ClInclude Include="ECS\Components\LightComponent.h">
      <Filter>ECS\Components</Filter>
    </ClInclude>
    <ClInclude Include="Lights\AmbientLight.h">
      <Filter>Lights</Filter>
    </ClInclude>
    <ClInclude Include="Lights\ILight.h">
      <Filter>Lights</Filter>
    </ClInclude>
    <ClInclude Include="Lights\PointLight.h">
      <Filter>Lights</Filter>
    </ClInclude>
    <ClInclude Include="PostProcessing\GammaPostProcessing.h">
      <Filter>PostProcessing</Filter>
    </ClInclude>
    <ClInclude Include="PostProcessing\PostProcessing.h">
      <Filter>PostProcessing</Filter>
    </ClInclude>
    <ClInclude Include="ECS\Components\CameraComponent.h">
      <Filter>ECS\Components</Filter>
    </ClInclude>
    <ClInclude Include="ECS\Systems\ScriptSystem.h">
      <Filter>ECS\Systems</Filter>
    </ClInclude>
    <ClInclude Include="ECS\Components\ScriptComponent.h">
      <Filter>ECS\Components</Filter>
    </ClInclude>
    <ClInclude Include="Scripts\CameraInputScript.h">
      <Filter>Scripts</Filter>
    </ClInclude>
    <ClInclude Include="Lights\DirectionalLight.h">
      <Filter>Lights</Filter>
    </ClInclude>
  </ItemGroup>
  <ItemGroup>
    <None Include="Shader\simple.fs.glsl">
      <Filter>Shader</Filter>
    </None>
    <None Include="Shader\simple.vs.glsl">
      <Filter>Shader</Filter>
    </None>
    <None Include="Shader\deferredGeometry.vs.glsl">
      <Filter>Shader</Filter>
    </None>
    <None Include="Shader\deferredGeometry.fs.glsl">
      <Filter>Shader</Filter>
    </None>
    <None Include="Shader\passthrough.vs.glsl">
      <Filter>Shader</Filter>
    </None>
    <None Include="Shader\ambientLight.fs.glsl">
      <Filter>Shader</Filter>
    </None>
    <None Include="Shader\pointLight.fs.glsl">
      <Filter>Shader</Filter>
    </None>
    <None Include="Shader\postGamma.fs.glsl">
      <Filter>Shader</Filter>
    </None>
    <None Include="Shader\directionalLight.fs.glsl">
      <Filter>Shader</Filter>
    </None>
  </ItemGroup>
</Project>